
Microsoft Visual Studio Solution File, Format Version 12.00
# Visual Studio 2013
VisualStudioVersion = 12.0.21005.1
MinimumVisualStudioVersion = 10.0.40219.1
Project("{8BC9CEB8-8B4A-11D0-8D11-00A0C91BC942}") = "Tutorial01", "Tutorial01\Tutorial01.vcxproj", "{E8213930-E42F-41EC-B693-D161F625CC56}"
EndProject
Project("{8BC9CEB8-8B4A-11D0-8D11-00A0C91BC942}") = "Tutorial02", "Tutorial02\Tutorial02.vcxproj", "{47ADF538-DC51-40D3-A6A2-01390A589123}"
EndProject
Project("{8BC9CEB8-8B4A-11D0-8D11-00A0C91BC942}") = "Tutorial03", "Tutorial03\Tutorial03.vcxproj", "{45382B08-819B-4C97-B346-3B7D310704A1}"
EndProject
Project("{8BC9CEB8-8B4A-11D0-8D11-00A0C91BC942}") = "Tutorial04", "Tutorial04\Tutorial04.vcxproj", "{F0B0CDBF-E69F-4A93-B76F-2E5352CFA067}"
EndProject
Project("{8BC9CEB8-8B4A-11D0-8D11-00A0C91BC942}") = "Tutorial05", "Tutorial05\Tutorial05.vcxproj", "{94156AEE-E76F-4AEA-ACA4-9E9D00CDB9F0}"
EndProject
Project("{8BC9CEB8-8B4A-11D0-8D11-00A0C91BC942}") = "Tutorial06", "Tutorial06\Tutorial06.vcxproj", "{077B7112-0548-4671-A52E-3B922E98DFFB}"
EndProject
Project("{8BC9CEB8-8B4A-11D0-8D11-00A0C91BC942}") = "Tutorial07", "Tutorial07\Tutorial07.vcxproj", "{E35F0494-56FD-4F22-B3CC-CCAAD93D0EC8}"
EndProject
Project("{8BC9CEB8-8B4A-11D0-8D11-00A0C91BC942}") = "Tutorial08", "Tutorial08\Tutorial08.vcxproj", "{F13DD776-18B8-49AF-9203-509E9DA212D0}"
EndProject
Project("{8BC9CEB8-8B4A-11D0-8D11-00A0C91BC942}") = "Tutorial09", "Tutorial09\Tutorial09.vcxproj", "{3392C364-1401-46E3-A249-50816B3B7C28}"
EndProject
Project("{8BC9CEB8-8B4A-11D0-8D11-00A0C91BC942}") = "Tutorial10", "Tutorial10\Tutorial10.vcxproj", "{D2EB26FE-356D-4815-9DF8-C3F2FC8D5770}"
EndProject
Global
	GlobalSection(SolutionConfigurationPlatforms) = preSolution
		Debug|Win32 = Debug|Win32
		Debug|x64 = Debug|x64
		Release|Win32 = Release|Win32
		Release|x64 = Release|x64
	EndGlobalSection
	GlobalSection(ProjectConfigurationPlatforms) = postSolution
		{E8213930-E42F-41EC-B693-D161F625CC56}.Debug|Win32.ActiveCfg = Debug|Win32
		{E8213930-E42F-41EC-B693-D161F625CC56}.Debug|Win32.Build.0 = Debug|Win32
		{E8213930-E42F-41EC-B693-D161F625CC56}.Debug|x64.ActiveCfg = Debug|x64
		{E8213930-E42F-41EC-B693-D161F625CC56}.Debug|x64.Build.0 = Debug|x64
		{E8213930-E42F-41EC-B693-D161F625CC56}.Release|Win32.ActiveCfg = Release|Win32
		{E8213930-E42F-41EC-B693-D161F625CC56}.Release|Win32.Build.0 = Release|Win32
		{E8213930-E42F-41EC-B693-D161F625CC56}.Release|x64.ActiveCfg = Release|x64
		{E8213930-E42F-41EC-B693-D161F625CC56}.Release|x64.Build.0 = Release|x64
		{47ADF538-DC51-40D3-A6A2-01390A589123}.Debug|Win32.ActiveCfg = Debug|Win32
		{47ADF538-DC51-40D3-A6A2-01390A589123}.Debug|Win32.Build.0 = Debug|Win32
		{47ADF538-DC51-40D3-A6A2-01390A589123}.Debug|x64.ActiveCfg = Debug|x64
		{47ADF538-DC51-40D3-A6A2-01390A589123}.Debug|x64.Build.0 = Debug|x64
		{47ADF538-DC51-40D3-A6A2-01390A589123}.Release|Win32.ActiveCfg = Release|Win32
		{47ADF538-DC51-40D3-A6A2-01390A589123}.Release|Win32.Build.0 = Release|Win32
		{47ADF538-DC51-40D3-A6A2-01390A589123}.Release|x64.ActiveCfg = Release|x64
		{47ADF538-DC51-40D3-A6A2-01390A589123}.Release|x64.Build.0 = Release|x64
		{45382B08-819B-4C97-B346-3B7D310704A1}.Debug|Win32.ActiveCfg = Debug|Win32
		{45382B08-819B-4C97-B346-3B7D310704A1}.Debug|Win32.Build.0 = Debug|Win32
		{45382B08-819B-4C97-B346-3B7D310704A1}.Debug|x64.ActiveCfg = Debug|x64
		{45382B08-819B-4C97-B346-3B7D310704A1}.Debug|x64.Build.0 = Debug|x64
		{45382B08-819B-4C97-B346-3B7D310704A1}.Release|Win32.ActiveCfg = Release|Win32
		{45382B08-819B-4C97-B346-3B7D310704A1}.Release|Win32.Build.0 = Release|Win32
		{45382B08-819B-4C97-B346-3B7D310704A1}.Release|x64.ActiveCfg = Release|x64
		{45382B08-819B-4C97-B346-3B7D310704A1}.Release|x64.Build.0 = Release|x64
		{F0B0CDBF-E69F-4A93-B76F-2E5352CFA067}.Debug|Win32.ActiveCfg = Debug|Win32
		{F0B0CDBF-E69F-4A93-B76F-2E5352CFA067}.Debug|Win32.Build.0 = Debug|Win32
		{F0B0CDBF-E69F-4A93-B76F-2E5352CFA067}.Debug|x64.ActiveCfg = Debug|x64
		{F0B0CDBF-E69F-4A93-B76F-2E5352CFA067}.Debug|x64.Build.0 = Debug|x64
		{F0B0CDBF-E69F-4A93-B76F-2E5352CFA067}.Release|Win32.ActiveCfg = Release|Win32
		{F0B0CDBF-E69F-4A93-B76F-2E5352CFA067}.Release|Win32.Build.0 = Release|Win32
		{F0B0CDBF-E69F-4A93-B76F-2E5352CFA067}.Release|x64.ActiveCfg = Release|x64
		{F0B0CDBF-E69F-4A93-B76F-2E5352CFA067}.Release|x64.Build.0 = Release|x64
		{94156AEE-E76F-4AEA-ACA4-9E9D00CDB9F0}.Debug|Win32.ActiveCfg = Debug|Win32
		{94156AEE-E76F-4AEA-ACA4-9E9D00CDB9F0}.Debug|Win32.Build.0 = Debug|Win32
		{94156AEE-E76F-4AEA-ACA4-9E9D00CDB9F0}.Debug|x64.ActiveCfg = Debug|x64
		{94156AEE-E76F-4AEA-ACA4-9E9D00CDB9F0}.Debug|x64.Build.0 = Debug|x64
		{94156AEE-E76F-4AEA-ACA4-9E9D00CDB9F0}.Release|Win32.ActiveCfg = Release|Win32
		{94156AEE-E76F-4AEA-ACA4-9E9D00CDB9F0}.Release|Win32.Build.0 = Release|Win32
		{94156AEE-E76F-4AEA-ACA4-9E9D00CDB9F0}.Release|x64.ActiveCfg = Release|x64
		{94156AEE-E76F-4AEA-ACA4-9E9D00CDB9F0}.Release|x64.Build.0 = Release|x64
		{077B7112-0548-4671-A52E-3B922E98DFFB}.Debug|Win32.ActiveCfg = Debug|Win32
		{077B7112-0548-4671-A52E-3B922E98DFFB}.Debug|Win32.Build.0 = Debug|Win32
		{077B7112-0548-4671-A52E-3B922E98DFFB}.Debug|x64.ActiveCfg = Debug|x64
		{077B7112-0548-4671-A52E-3B922E98DFFB}.Debug|x64.Build.0 = Debug|x64
		{077B7112-0548-4671-A52E-3B922E98DFFB}.Release|Win32.ActiveCfg = Release|Win32
		{077B7112-0548-4671-A52E-3B922E98DFFB}.Release|Win32.Build.0 = Release|Win32
		{077B7112-0548-4671-A52E-3B922E98DFFB}.Release|x64.ActiveCfg = Release|x64
		{077B7112-0548-4671-A52E-3B922E98DFFB}.Release|x64.Build.0 = Release|x64
		{E35F0494-56FD-4F22-B3CC-CCAAD93D0EC8}.Debug|Win32.ActiveCfg = Debug|Win32
		{E35F0494-56FD-4F22-B3CC-CCAAD93D0EC8}.Debug|Win32.Build.0 = Debug|Win32
		{E35F0494-56FD-4F22-B3CC-CCAAD93D0EC8}.Debug|x64.ActiveCfg = Debug|x64
		{E35F0494-56FD-4F22-B3CC-CCAAD93D0EC8}.Debug|x64.Build.0 = Debug|x64
		{E35F0494-56FD-4F22-B3CC-CCAAD93D0EC8}.Release|Win32.ActiveCfg = Release|Win32
		{E35F0494-56FD-4F22-B3CC-CCAAD93D0EC8}.Release|Win32.Build.0 = Release|Win32
		{E35F0494-56FD-4F22-B3CC-CCAAD93D0EC8}.Release|x64.ActiveCfg = Release|x64
		{E35F0494-56FD-4F22-B3CC-CCAAD93D0EC8}.Release|x64.Build.0 = Release|x64
		{F13DD776-18B8-49AF-9203-509E9DA212D0}.Debug|Win32.ActiveCfg = Debug|Win32
		{F13DD776-18B8-49AF-9203-509E9DA212D0}.Debug|Win32.Build.0 = Debug|Win32
		{F13DD776-18B8-49AF-9203-509E9DA212D0}.Debug|x64.ActiveCfg = Debug|x64
		{F13DD776-18B8-49AF-9203-509E9DA212D0}.Debug|x64.Build.0 = Debug|x64
		{F13DD776-18B8-49AF-9203-509E9DA212D0}.Release|Win32.ActiveCfg = Release|Win32
		{F13DD776-18B8-49AF-9203-509E9DA212D0}.Release|Win32.Build.0 = Release|Win32
		{F13DD776-18B8-49AF-9203-509E9DA212D0}.Release|x64.ActiveCfg = Release|x64
		{F13DD776-18B8-49AF-9203-509E9DA212D0}.Release|x64.Build.0 = Release|x64
		{3392C364-1401-46E3-A249-50816B3B7C28}.Debug|Win32.ActiveCfg = Debug|Win32
		{3392C364-1401-46E3-A249-50816B3B7C28}.Debug|Win32.Build.0 = Debug|Win32
		{3392C364-1401-46E3-A249-50816B3B7C28}.Debug|x64.ActiveCfg = Debug|x64
		{3392C364-1401-46E3-A249-50816B3B7C28}.Debug|x64.Build.0 = Debug|x64
		{3392C364-1401-46E3-A249-50816B3B7C28}.Release|Win32.ActiveCfg = Release|Win32
		{3392C364-1401-46E3-A249-50816B3B7C28}.Release|Win32.Build.0 = Release|Win32
		{3392C364-1401-46E3-A249-50816B3B7C28}.Release|x64.ActiveCfg = Release|x64
		{3392C364-1401-46E3-A249-50816B3B7C28}.Release|x64.Build.0 = Release|x64
		{D2EB26FE-356D-4815-9DF8-C3F2FC8D5770}.Debug|Win32.ActiveCfg = Debug|Win32
		{D2EB26FE-356D-4815-9DF8-C3F2FC8D5770}.Debug|Win32.Build.0 = Debug|Win32
		{D2EB26FE-356D-4815-9DF8-C3F2FC8D5770}.Debug|x64.ActiveCfg = Debug|x64
		{D2EB26FE-356D-4815-9DF8-C3F2FC8D5770}.Debug|x64.Build.0 = Debug|x64
		{D2EB26FE-356D-4815-9DF8-C3F2FC8D5770}.Release|Win32.ActiveCfg = Release|Win32
		{D2EB26FE-356D-4815-9DF8-C3F2FC8D5770}.Release|Win32.Build.0 = Release|Win32
		{D2EB26FE-356D-4815-9DF8-C3F2FC8D5770}.Release|x64.ActiveCfg = Release|x64
		{D2EB26FE-356D-4815-9DF8-C3F2FC8D5770}.Release|x64.Build.0 = Release|x64
	EndGlobalSection
	GlobalSection(SolutionProperties) = preSolution
		HideSolutionNode = FALSE
	EndGlobalSection
EndGlobal
